// !$*UTF8*$!
{
	archiveVersion = 1;
	classes = {
	};
	objectVersion = 50;
	objects = {

/* Begin PBXBuildFile section */
		D02E632323D73CFE00F9C1C3 /* AppDelegate.m in Sources */ = {isa = PBXBuildFile; fileRef = D02E632223D73CFE00F9C1C3 /* AppDelegate.m */; };
		D02E632623D73CFE00F9C1C3 /* ViewController.m in Sources */ = {isa = PBXBuildFile; fileRef = D02E632523D73CFE00F9C1C3 /* ViewController.m */; };
		D02E632B23D73D0200F9C1C3 /* Assets.xcassets in Resources */ = {isa = PBXBuildFile; fileRef = D02E632A23D73D0200F9C1C3 /* Assets.xcassets */; };
		D02E633123D73D0200F9C1C3 /* main.m in Sources */ = {isa = PBXBuildFile; fileRef = D02E633023D73D0200F9C1C3 /* main.m */; };
		D02E633C23D73DD500F9C1C3 /* SwiftBaseStruct.swift in Sources */ = {isa = PBXBuildFile; fileRef = D02E633B23D73DD500F9C1C3 /* SwiftBaseStruct.swift */; };
		D02E633F23D73E6E00F9C1C3 /* ObjectiveCClass.m in Sources */ = {isa = PBXBuildFile; fileRef = D02E633E23D73E6E00F9C1C3 /* ObjectiveCClass.m */; };
		D0FE604223D9A5360064FC4C /* SwiftBaseClass.swift in Sources */ = {isa = PBXBuildFile; fileRef = D0FE604123D9A5360064FC4C /* SwiftBaseClass.swift */; };
/* End PBXBuildFile section */

/* Begin PBXFileReference section */
		D02E631E23D73CFE00F9C1C3 /* swiftjectiveCentipede.app */ = {isa = PBXFileReference; explicitFileType = wrapper.application; includeInIndex = 0; path = swiftjectiveCentipede.app; sourceTree = BUILT_PRODUCTS_DIR; };
		D02E632123D73CFE00F9C1C3 /* AppDelegate.h */ = {isa = PBXFileReference; lastKnownFileType = sourcecode.c.h; path = AppDelegate.h; sourceTree = "<group>"; };
		D02E632223D73CFE00F9C1C3 /* AppDelegate.m */ = {isa = PBXFileReference; lastKnownFileType = sourcecode.c.objc; path = AppDelegate.m; sourceTree = "<group>"; };
		D02E632423D73CFE00F9C1C3 /* ViewController.h */ = {isa = PBXFileReference; lastKnownFileType = sourcecode.c.h; path = ViewController.h; sourceTree = "<group>"; };
		D02E632523D73CFE00F9C1C3 /* ViewController.m */ = {isa = PBXFileReference; lastKnownFileType = sourcecode.c.objc; path = ViewController.m; sourceTree = "<group>"; };
		D02E632A23D73D0200F9C1C3 /* Assets.xcassets */ = {isa = PBXFileReference; lastKnownFileType = folder.assetcatalog; path = Assets.xcassets; sourceTree = "<group>"; };
		D02E632F23D73D0200F9C1C3 /* Info.plist */ = {isa = PBXFileReference; lastKnownFileType = text.plist.xml; path = Info.plist; sourceTree = "<group>"; };
		D02E633023D73D0200F9C1C3 /* main.m */ = {isa = PBXFileReference; lastKnownFileType = sourcecode.c.objc; path = main.m; sourceTree = "<group>"; };
		D02E633A23D73DD400F9C1C3 /* swiftjectiveCentipede-Bridging-Header.h */ = {isa = PBXFileReference; lastKnownFileType = sourcecode.c.h; path = "swiftjectiveCentipede-Bridging-Header.h"; sourceTree = "<group>"; };
		D02E633B23D73DD500F9C1C3 /* SwiftBaseStruct.swift */ = {isa = PBXFileReference; lastKnownFileType = sourcecode.swift; path = SwiftBaseStruct.swift; sourceTree = "<group>"; };
		D02E633D23D73E6E00F9C1C3 /* ObjectiveCClass.h */ = {isa = PBXFileReference; lastKnownFileType = sourcecode.c.h; path = ObjectiveCClass.h; sourceTree = "<group>"; };
		D02E633E23D73E6E00F9C1C3 /* ObjectiveCClass.m */ = {isa = PBXFileReference; lastKnownFileType = sourcecode.c.objc; path = ObjectiveCClass.m; sourceTree = "<group>"; };
		D0FE604123D9A5360064FC4C /* SwiftBaseClass.swift */ = {isa = PBXFileReference; lastKnownFileType = sourcecode.swift; path = SwiftBaseClass.swift; sourceTree = "<group>"; };
		D0FE604323D9A5670064FC4C /* SwiftBaseClass-Swift.h */ = {isa = PBXFileReference; lastKnownFileType = sourcecode.c.h; path = "SwiftBaseClass-Swift.h"; sourceTree = "<group>"; };
/* End PBXFileReference section */

/* Begin PBXFrameworksBuildPhase section */
		D02E631B23D73CFE00F9C1C3 /* Frameworks */ = {
			isa = PBXFrameworksBuildPhase;
			buildActionMask = 2147483647;
			files = (
			);
			runOnlyForDeploymentPostprocessing = 0;
		};
/* End PBXFrameworksBuildPhase section */

/* Begin PBXGroup section */
		D02E631523D73CFE00F9C1C3 = {
			isa = PBXGroup;
			children = (
				D02E632023D73CFE00F9C1C3 /* swiftjectiveCentipede */,
				D02E631F23D73CFE00F9C1C3 /* Products */,
			);
			sourceTree = "<group>";
		};
		D02E631F23D73CFE00F9C1C3 /* Products */ = {
			isa = PBXGroup;
			children = (
				D02E631E23D73CFE00F9C1C3 /* swiftjectiveCentipede.app */,
			);
			name = Products;
			sourceTree = "<group>";
		};
		D02E632023D73CFE00F9C1C3 /* swiftjectiveCentipede */ = {
			isa = PBXGroup;
			children = (
				D02E633823D73D3700F9C1C3 /* Swift */,
				D02E633723D73D2E00F9C1C3 /* ObjectiveC */,
				D02E634023D73E7500F9C1C3 /* Main */,
				D02E633923D73D3A00F9C1C3 /* Common */,
			);
			path = swiftjectiveCentipede;
			sourceTree = "<group>";
		};
		D02E633723D73D2E00F9C1C3 /* ObjectiveC */ = {
			isa = PBXGroup;
			children = (
				D02E633023D73D0200F9C1C3 /* main.m */,
				D02E632123D73CFE00F9C1C3 /* AppDelegate.h */,
				D02E632223D73CFE00F9C1C3 /* AppDelegate.m */,
				D02E632423D73CFE00F9C1C3 /* ViewController.h */,
				D02E632523D73CFE00F9C1C3 /* ViewController.m */,
				D02E633D23D73E6E00F9C1C3 /* ObjectiveCClass.h */,
				D02E633E23D73E6E00F9C1C3 /* ObjectiveCClass.m */,
			);
			name = ObjectiveC;
			sourceTree = "<group>";
		};
		D02E633823D73D3700F9C1C3 /* Swift */ = {
			isa = PBXGroup;
			children = (
				D02E633B23D73DD500F9C1C3 /* SwiftBaseStruct.swift */,
				D02E633A23D73DD400F9C1C3 /* swiftjectiveCentipede-Bridging-Header.h */,
				D0FE604123D9A5360064FC4C /* SwiftBaseClass.swift */,
				D0FE604323D9A5670064FC4C /* SwiftBaseClass-Swift.h */,
			);
			name = Swift;
			sourceTree = "<group>";
		};
		D02E633923D73D3A00F9C1C3 /* Common */ = {
			isa = PBXGroup;
			children = (
				D02E632A23D73D0200F9C1C3 /* Assets.xcassets */,
				D02E632F23D73D0200F9C1C3 /* Info.plist */,
			);
			name = Common;
			sourceTree = "<group>";
		};
		D02E634023D73E7500F9C1C3 /* Main */ = {
			isa = PBXGroup;
			children = (
			);
			name = Main;
			sourceTree = "<group>";
		};
/* End PBXGroup section */

/* Begin PBXNativeTarget section */
		D02E631D23D73CFE00F9C1C3 /* swiftjectiveCentipede */ = {
			isa = PBXNativeTarget;
			buildConfigurationList = D02E633423D73D0200F9C1C3 /* Build configuration list for PBXNativeTarget "swiftjectiveCentipede" */;
			buildPhases = (
				D02E631A23D73CFE00F9C1C3 /* Sources */,
				D02E631B23D73CFE00F9C1C3 /* Frameworks */,
				D02E631C23D73CFE00F9C1C3 /* Resources */,
			);
			buildRules = (
			);
			dependencies = (
			);
			name = swiftjectiveCentipede;
			productName = swiftjectiveCentipede;
			productReference = D02E631E23D73CFE00F9C1C3 /* swiftjectiveCentipede.app */;
			productType = "com.apple.product-type.application";
		};
/* End PBXNativeTarget section */

/* Begin PBXProject section */
		D02E631623D73CFE00F9C1C3 /* Project object */ = {
			isa = PBXProject;
			attributes = {
				LastUpgradeCheck = 1030;
				ORGANIZATIONNAME = "Igor Chernyshov";
				TargetAttributes = {
					D02E631D23D73CFE00F9C1C3 = {
						CreatedOnToolsVersion = 10.3;
						LastSwiftMigration = 1030;
					};
				};
			};
			buildConfigurationList = D02E631923D73CFE00F9C1C3 /* Build configuration list for PBXProject "swiftjectiveCentipede" */;
			compatibilityVersion = "Xcode 9.3";
			developmentRegion = en;
			hasScannedForEncodings = 0;
			knownRegions = (
				en,
				Base,
			);
			mainGroup = D02E631523D73CFE00F9C1C3;
			productRefGroup = D02E631F23D73CFE00F9C1C3 /* Products */;
			projectDirPath = "";
			projectRoot = "";
			targets = (
				D02E631D23D73CFE00F9C1C3 /* swiftjectiveCentipede */,
			);
		};
/* End PBXProject section */

/* Begin PBXResourcesBuildPhase section */
		D02E631C23D73CFE00F9C1C3 /* Resources */ = {
			isa = PBXResourcesBuildPhase;
			buildActionMask = 2147483647;
			files = (
				D02E632B23D73D0200F9C1C3 /* Assets.xcassets in Resources */,
			);
			runOnlyForDeploymentPostprocessing = 0;
		};
/* End PBXResourcesBuildPhase section */

/* Begin PBXSourcesBuildPhase section */
		D02E631A23D73CFE00F9C1C3 /* Sources */ = {
			isa = PBXSourcesBuildPhase;
			buildActionMask = 2147483647;
			files = (
				D02E632623D73CFE00F9C1C3 /* ViewController.m in Sources */,
				D0FE604223D9A5360064FC4C /* SwiftBaseClass.swift in Sources */,
				D02E633C23D73DD500F9C1C3 /* SwiftBaseStruct.swift in Sources */,
				D02E633F23D73E6E00F9C1C3 /* ObjectiveCClass.m in Sources */,
				D02E633123D73D0200F9C1C3 /* main.m in Sources */,
				D02E632323D73CFE00F9C1C3 /* AppDelegate.m in Sources */,
			);
			runOnlyForDeploymentPostprocessing = 0;
		};
/* End PBXSourcesBuildPhase section */

/* Begin XCBuildConfiguration section */
		D02E633223D73D0200F9C1C3 /* Debug */ = {
			isa = XCBuildConfiguration;
			buildSettings = {
				ALWAYS_SEARCH_USER_PATHS = NO;
				CLANG_ANALYZER_NONNULL = YES;
				CLANG_ANALYZER_NUMBER_OBJECT_CONVERSION = YES_AGGRESSIVE;
				CLANG_CXX_LANGUAGE_STANDARD = "gnu++14";
				CLANG_CXX_LIBRARY = "libc++";
				CLANG_ENABLE_MODULES = YES;
				CLANG_ENABLE_OBJC_ARC = YES;
				CLANG_ENABLE_OBJC_WEAK = YES;
				CLANG_WARN_BLOCK_CAPTURE_AUTORELEASING = YES;
				CLANG_WARN_BOOL_CONVERSION = YES;
				CLANG_WARN_COMMA = YES;
				CLANG_WARN_CONSTANT_CONVERSION = YES;
				CLANG_WARN_DEPRECATED_OBJC_IMPLEMENTATIONS = YES;
				CLANG_WARN_DIRECT_OBJC_ISA_USAGE = YES_ERROR;
				CLANG_WARN_DOCUMENTATION_COMMENTS = YES;
				CLANG_WARN_EMPTY_BODY = YES;
				CLANG_WARN_ENUM_CONVERSION = YES;
				CLANG_WARN_INFINITE_RECURSION = YES;
				CLANG_WARN_INT_CONVERSION = YES;
				CLANG_WARN_NON_LITERAL_NULL_CONVERSION = YES;
				CLANG_WARN_OBJC_IMPLICIT_RETAIN_SELF = YES;
				CLANG_WARN_OBJC_LITERAL_CONVERSION = YES;
				CLANG_WARN_OBJC_ROOT_CLASS = YES_ERROR;
				CLANG_WARN_RANGE_LOOP_ANALYSIS = YES;
				CLANG_WARN_STRICT_PROTOTYPES = YES;
				CLANG_WARN_SUSPICIOUS_MOVE = YES;
				CLANG_WARN_UNGUARDED_AVAILABILITY = YES_AGGRESSIVE;
				CLANG_WARN_UNREACHABLE_CODE = YES;
				CLANG_WARN__DUPLICATE_METHOD_MATCH = YES;
				CODE_SIGN_IDENTITY = "iPhone Developer";
				COPY_PHASE_STRIP = NO;
				DEBUG_INFORMATION_FORMAT = dwarf;
				ENABLE_STRICT_OBJC_MSGSEND = YES;
				ENABLE_TESTABILITY = YES;
				GCC_C_LANGUAGE_STANDARD = gnu11;
				GCC_DYNAMIC_NO_PIC = NO;
				GCC_NO_COMMON_BLOCKS = YES;
				GCC_OPTIMIZATION_LEVEL = 0;
				GCC_PREPROCESSOR_DEFINITIONS = (
					"DEBUG=1",
					"$(inherited)",
				);
				GCC_WARN_64_TO_32_BIT_CONVERSION = YES;
				GCC_WARN_ABOUT_RETURN_TYPE = YES_ERROR;
				GCC_WARN_UNDECLARED_SELECTOR = YES;
				GCC_WARN_UNINITIALIZED_AUTOS = YES_AGGRESSIVE;
				GCC_WARN_UNUSED_FUNCTION = YES;
				GCC_WARN_UNUSED_VARIABLE = YES;
				IPHONEOS_DEPLOYMENT_TARGET = 12.4;
				MTL_ENABLE_DEBUG_INFO = INCLUDE_SOURCE;
				MTL_FAST_MATH = YES;
				ONLY_ACTIVE_ARCH = YES;
				SDKROOT = iphoneos;
			};
			name = Debug;
		};
		D02E633323D73D0200F9C1C3 /* Release */ = {
			isa = XCBuildConfiguration;
			buildSettings = {
				ALWAYS_SEARCH_USER_PATHS = NO;
				CLANG_ANALYZER_NONNULL = YES;
				CLANG_ANALYZER_NUMBER_OBJECT_CONVERSION = YES_AGGRESSIVE;
				CLANG_CXX_LANGUAGE_STANDARD = "gnu++14";
				CLANG_CXX_LIBRARY = "libc++";
				CLANG_ENABLE_MODULES = YES;
				CLANG_ENABLE_OBJC_ARC = YES;
				CLANG_ENABLE_OBJC_WEAK = YES;
				CLANG_WARN_BLOCK_CAPTURE_AUTORELEASING = YES;
				CLANG_WARN_BOOL_CONVERSION = YES;
				CLANG_WARN_COMMA = YES;
				CLANG_WARN_CONSTANT_CONVERSION = YES;
				CLANG_WARN_DEPRECATED_OBJC_IMPLEMENTATIONS = YES;
				CLANG_WARN_DIRECT_OBJC_ISA_USAGE = YES_ERROR;
				CLANG_WARN_DOCUMENTATION_COMMENTS = YES;
				CLANG_WARN_EMPTY_BODY = YES;
				CLANG_WARN_ENUM_CONVERSION = YES;
				CLANG_WARN_INFINITE_RECURSION = YES;
				CLANG_WARN_INT_CONVERSION = YES;
				CLANG_WARN_NON_LITERAL_NULL_CONVERSION = YES;
				CLANG_WARN_OBJC_IMPLICIT_RETAIN_SELF = YES;
				CLANG_WARN_OBJC_LITERAL_CONVERSION = YES;
				CLANG_WARN_OBJC_ROOT_CLASS = YES_ERROR;
				CLANG_WARN_RANGE_LOOP_ANALYSIS = YES;
				CLANG_WARN_STRICT_PROTOTYPES = YES;
				CLANG_WARN_SUSPICIOUS_MOVE = YES;
				CLANG_WARN_UNGUARDED_AVAILABILITY = YES_AGGRESSIVE;
				CLANG_WARN_UNREACHABLE_CODE = YES;
				CLANG_WARN__DUPLICATE_METHOD_MATCH = YES;
				CODE_SIGN_IDENTITY = "iPhone Developer";
				COPY_PHASE_STRIP = NO;
				DEBUG_INFORMATION_FORMAT = "dwarf-with-dsym";
				ENABLE_NS_ASSERTIONS = NO;
				ENABLE_STRICT_OBJC_MSGSEND = YES;
				GCC_C_LANGUAGE_STANDARD = gnu11;
				GCC_NO_COMMON_BLOCKS = YES;
				GCC_WARN_64_TO_32_BIT_CONVERSION = YES;
				GCC_WARN_ABOUT_RETURN_TYPE = YES_ERROR;
				GCC_WARN_UNDECLARED_SELECTOR = YES;
				GCC_WARN_UNINITIALIZED_AUTOS = YES_AGGRESSIVE;
				GCC_WARN_UNUSED_FUNCTION = YES;
				GCC_WARN_UNUSED_VARIABLE = YES;
				IPHONEOS_DEPLOYMENT_TARGET = 12.4;
				MTL_ENABLE_DEBUG_INFO = NO;
				MTL_FAST_MATH = YES;
				SDKROOT = iphoneos;
				VALIDATE_PRODUCT = YES;
			};
			name = Release;
		};
		D02E633523D73D0200F9C1C3 /* Debug */ = {
			isa = XCBuildConfiguration;
			buildSettings = {
				ASSETCATALOG_COMPILER_APPICON_NAME = AppIcon;
				CLANG_ENABLE_MODULES = YES;
				CODE_SIGN_STYLE = Automatic;
				INFOPLIST_FILE = swiftjectiveCentipede/Info.plist;
				LD_RUNPATH_SEARCH_PATHS = (
					"$(inherited)",
					"@executable_path/Frameworks",
				);
				PRODUCT_BUNDLE_IDENTIFIER = Frostfell.swiftjectiveCentipede;
				PRODUCT_NAME = "$(TARGET_NAME)";
				SWIFT_OBJC_BRIDGING_HEADER = "swiftjectiveCentipede/swiftjectiveCentipede-Bridging-Header.h";
				SWIFT_OPTIMIZATION_LEVEL = "-Onone";
				SWIFT_VERSION = 5.0;
				TARGETED_DEVICE_FAMILY = "1,2";
			};
			name = Debug;
		};
		D02E633623D73D0200F9C1C3 /* Release */ = {
			isa = XCBuildConfiguration;
			buildSettings = {
				ASSETCATALOG_COMPILER_APPICON_NAME = AppIcon;
				CLANG_ENABLE_MODULES = YES;
				CODE_SIGN_STYLE = Automatic;
				INFOPLIST_FILE = swiftjectiveCentipede/Info.plist;
				LD_RUNPATH_SEARCH_PATHS = (
					"$(inherited)",
					"@executable_path/Frameworks",
				);
				PRODUCT_BUNDLE_IDENTIFIER = Frostfell.swiftjectiveCentipede;
				PRODUCT_NAME = "$(TARGET_NAME)";
				SWIFT_OBJC_BRIDGING_HEADER = "swiftjectiveCentipede/swiftjectiveCentipede-Bridging-Header.h";
				SWIFT_VERSION = 5.0;
				TARGETED_DEVICE_FAMILY = "1,2";
			};
			name = Release;
		};
/* End XCBuildConfiguration section */

/* Begin XCConfigurationList section */
		D02E631923D73CFE00F9C1C3 /* Build configuration list for PBXProject "swiftjectiveCentipede" */ = {
			isa = XCConfigurationList;
			buildConfigurations = (
				D02E633223D73D0200F9C1C3 /* Debug */,
				D02E633323D73D0200F9C1C3 /* Release */,
			);
			defaultConfigurationIsVisible = 0;
			defaultConfigurationName = Release;
		};
		D02E633423D73D0200F9C1C3 /* Build configuration list for PBXNativeTarget "swiftjectiveCentipede" */ = {
			isa = XCConfigurationList;
			buildConfigurations = (
				D02E633523D73D0200F9C1C3 /* Debug */,
				D02E633623D73D0200F9C1C3 /* Release */,
			);
			defaultConfigurationIsVisible = 0;
			defaultConfigurationName = Release;
		};
/* End XCConfigurationList section */
	};
	rootObject = D02E631623D73CFE00F9C1C3 /* Project object */;
}
